%{
  "bunt": {:hex, :bunt, "1.0.0", "081c2c665f086849e6d57900292b3a161727ab40431219529f13c4ddcf3e7a44", [:mix], [], "hexpm", "dc5f86aa08a5f6fa6b8096f0735c4e76d54ae5c9fa2c143e5a1fc7c1cd9bb6b5"},
  "castle": {:hex, :castle, "0.3.1", "e5d4f20696d878052a23c13158e1d372b24d9b30a6ea6f52fa6063c21c5ad67e", [:mix], [{:forecastle, "~> 0.1.3", [hex: :forecastle, repo: "hexpm", optional: false]}], "hexpm", "3ee9ca04b069280ab4197fe753562958729c83b3aa08125255116a989e133835"},
  "certifi": {:hex, :certifi, "2.15.0", "0e6e882fcdaaa0a5a9f2b3db55b1394dba07e8d6d9bcad08318fb604c6839712", [:rebar3], [], "hexpm", "b147ed22ce71d72eafdad94f055165c1c182f61a2ff49df28bcc71d1d5b94a60"},
  "chronic": {:hex, :chronic, "3.2.0", "922a6783a1322f07bf0bcb6869050c45bd8fa1a74dc5bd69120586300c536436", [:mix], [], "hexpm", "3032496091ff1a76ed92a443d05be2ee3bb5b8bab631c75736a39ca517f30bfc"},
  "cowlib": {:hex, :cowlib, "2.15.0", "3c97a318a933962d1c12b96ab7c1d728267d2c523c25a5b57b0f93392b6e9e25", [:make, :rebar3], [], "hexpm", "4f00c879a64b4fe7c8fcb42a4281925e9ffdb928820b03c3ad325a617e857532"},
  "credo": {:hex, :credo, "1.7.12", "9e3c20463de4b5f3f23721527fcaf16722ec815e70ff6c60b86412c695d426c1", [:mix], [{:bunt, "~> 0.2.1 or ~> 1.0", [hex: :bunt, repo: "hexpm", optional: false]}, {:file_system, "~> 0.2 or ~> 1.0", [hex: :file_system, repo: "hexpm", optional: false]}, {:jason, "~> 1.0", [hex: :jason, repo: "hexpm", optional: false]}], "hexpm", "8493d45c656c5427d9c729235b99d498bd133421f3e0a683e5c1b561471291e5"},
  "exsync": {:hex, :exsync, "0.4.1", "0a14fe4bfcb80a509d8a0856be3dd070fffe619b9ba90fec13c58b316c176594", [:mix], [{:file_system, "~> 0.2 or ~> 1.0", [hex: :file_system, repo: "hexpm", optional: false]}], "hexpm", "cefb22aa805ec97ffc5b75a4e1dc54bcaf781e8b32564bf74abbe5803d1b5178"},
  "file_system": {:hex, :file_system, "1.1.0", "08d232062284546c6c34426997dd7ef6ec9f8bbd090eb91780283c9016840e8f", [:mix], [], "hexpm", "bfcf81244f416871f2a2e15c1b515287faa5db9c6bcf290222206d120b3d43f6"},
  "forecastle": {:hex, :forecastle, "0.1.3", "b07d217ef10799e6d6cc7e47407858e77b1a8cb248f15185534de3403de3aa42", [:mix], [], "hexpm", "07e1ffa79c56f3e0ead59f17c0163a747dafc210ca8f244a7e65a4bfa98dc96d"},
  "geo": {:hex, :geo, "4.0.1", "f4ae3fd912b0536bfe9ec3bce15eb554197ab0739c01297c8534c20dcedd561c", [:mix], [{:jason, "~> 1.4", [hex: :jason, repo: "hexpm", optional: true]}], "hexpm", "32eb624feff75d043bbdd43f67e3869c5fc729e221333271b07cdc98ba98563d"},
  "geocoder": {:hex, :geocoder, "2.2.2", "87bb66bbae3e4264f0afe956605c504474390713a211f2b46990efcb8d0193b1", [:mix], [{:geohash, "~> 1.2", [hex: :geohash, repo: "hexpm", optional: false]}, {:httpoison, "~> 2.1", [hex: :httpoison, repo: "hexpm", optional: true]}, {:jason, "~> 1.2", [hex: :jason, repo: "hexpm", optional: true]}, {:jsx, "~> 2.8 or ~> 3.0", [hex: :jsx, repo: "hexpm", optional: true]}, {:poolboy, "~> 1.5", [hex: :poolboy, repo: "hexpm", optional: false]}, {:towel, "~> 0.2.2", [hex: :towel, repo: "hexpm", optional: false]}], "hexpm", "e01404586f246d95fd6affcac86b8454a442ac2d6774bf47ac67e6c79d5b9cb5"},
  "geohash": {:hex, :geohash, "1.3.0", "e192b03b9698a9ce72f2912b4a5d42c629d97baaaafd53c48a50ef16e2cbf9f6", [:mix], [], "hexpm", "50a378ccf19fe5147ffa586ea2aa3608566bcefb5a8804ffb6eab7d4f7871403"},
  "gun": {:hex, :gun, "2.2.0", "b8f6b7d417e277d4c2b0dc3c07dfdf892447b087f1cc1caff9c0f556b884e33d", [:make, :rebar3], [{:cowlib, ">= 2.15.0 and < 3.0.0", [hex: :cowlib, repo: "hexpm", optional: false]}], "hexpm", "76022700c64287feb4df93a1795cff6741b83fb37415c40c34c38d2a4645261a"},
  "hackney": {:hex, :hackney, "1.25.0", "390e9b83f31e5b325b9f43b76e1a785cbdb69b5b6cd4e079aa67835ded046867", [:rebar3], [{:certifi, "~> 2.15.0", [hex: :certifi, repo: "hexpm", optional: false]}, {:idna, "~> 6.1.0", [hex: :idna, repo: "hexpm", optional: false]}, {:metrics, "~> 1.0.0", [hex: :metrics, repo: "hexpm", optional: false]}, {:mimerl, "~> 1.4", [hex: :mimerl, repo: "hexpm", optional: false]}, {:parse_trans, "3.4.1", [hex: :parse_trans, repo: "hexpm", optional: false]}, {:ssl_verify_fun, "~> 1.1.0", [hex: :ssl_verify_fun, repo: "hexpm", optional: false]}, {:unicode_util_compat, "~> 0.7.1", [hex: :unicode_util_compat, repo: "hexpm", optional: false]}], "hexpm", "7209bfd75fd1f42467211ff8f59ea74d6f2a9e81cbcee95a56711ee79fd6b1d4"},
  "httpoison": {:hex, :httpoison, "2.2.3", "a599d4b34004cc60678999445da53b5e653630651d4da3d14675fedc9dd34bd6", [:mix], [{:hackney, "~> 1.21", [hex: :hackney, repo: "hexpm", optional: false]}], "hexpm", "fa0f2e3646d3762fdc73edb532104c8619c7636a6997d20af4003da6cfc53e53"},
  "idna": {:hex, :idna, "6.1.1", "8a63070e9f7d0c62eb9d9fcb360a7de382448200fbbd1b106cc96d3d8099df8d", [:rebar3], [{:unicode_util_compat, "~> 0.7.0", [hex: :unicode_util_compat, repo: "hexpm", optional: false]}], "hexpm", "92376eb7894412ed19ac475e4a86f7b413c1b9fbb5bd16dccd57934157944cea"},
  "jason": {:hex, :jason, "1.4.4", "b9226785a9aa77b6857ca22832cffa5d5011a667207eb2a0ad56adb5db443b8a", [:mix], [{:decimal, "~> 1.0 or ~> 2.0", [hex: :decimal, repo: "hexpm", optional: true]}], "hexpm", "c5eb0cab91f094599f94d55bc63409236a8ec69a21a67814529e8d5f6cc90b3b"},
  "metrics": {:hex, :metrics, "1.0.1", "25f094dea2cda98213cecc3aeff09e940299d950904393b2a29d191c346a8486", [:rebar3], [], "hexpm", "69b09adddc4f74a40716ae54d140f93beb0fb8978d8636eaded0c31b6f099f16"},
  "mime": {:hex, :mime, "2.0.7", "b8d739037be7cd402aee1ba0306edfdef982687ee7e9859bee6198c1e7e2f128", [:mix], [], "hexpm", "6171188e399ee16023ffc5b76ce445eb6d9672e2e241d2df6050f3c771e80ccd"},
  "mimerl": {:hex, :mimerl, "1.4.0", "3882a5ca67fbbe7117ba8947f27643557adec38fa2307490c4c4207624cb213b", [:rebar3], [], "hexpm", "13af15f9f68c65884ecca3a3891d50a7b57d82152792f3e19d88650aa126b144"},
  "nimble_pool": {:hex, :nimble_pool, "1.1.0", "bf9c29fbdcba3564a8b800d1eeb5a3c58f36e1e11d7b7fb2e084a643f645f06b", [:mix], [], "hexpm", "af2e4e6b34197db81f7aad230c1118eac993acc0dae6bc83bac0126d4ae0813a"},
  "nosedrum": {:hex, :nosedrum, "0.6.0", "3de4bb70382cb24b214fa11beb3d218db367f77b79b3dcbc801c869ee162b868", [:mix], [{:nostrum, "~> 0.8.0", [hex: :nostrum, repo: "hexpm", optional: false]}], "hexpm", "5db8a1dacc2d134f8f365a1eececcb0691c24e97c7cd464e0db0311eb902754d"},
  "nostrum": {:hex, :nostrum, "0.10.4", "a316d08b19104f34c5fd5aa56674907350899a5f0c2483afdf5586296bd0ce07", [:mix], [{:castle, "~> 0.3.0", [hex: :castle, repo: "hexpm", optional: false]}, {:certifi, "~> 2.13", [hex: :certifi, repo: "hexpm", optional: false]}, {:ezstd, "~> 1.1", [hex: :ezstd, repo: "hexpm", optional: true]}, {:gun, "~> 2.0", [hex: :gun, repo: "hexpm", optional: false]}, {:jason, "~> 1.4", [hex: :jason, repo: "hexpm", optional: false]}, {:mime, "~> 1.6 or ~> 2.0", [hex: :mime, repo: "hexpm", optional: false]}], "hexpm", "fcc2642bf5b09792865ec2c26c1a11c6aa5432bc623a65dd81141e1eab9f1b99"},
  "parse_trans": {:hex, :parse_trans, "3.4.1", "6e6aa8167cb44cc8f39441d05193be6e6f4e7c2946cb2759f015f8c56b76e5ff", [:rebar3], [], "hexpm", "620a406ce75dada827b82e453c19cf06776be266f5a67cff34e1ef2cbb60e49a"},
  "poolboy": {:hex, :poolboy, "1.5.2", "392b007a1693a64540cead79830443abf5762f5d30cf50bc95cb2c1aaafa006b", [:rebar3], [], "hexpm", "dad79704ce5440f3d5a3681c8590b9dc25d1a561e8f5a9c995281012860901e3"},
  "ssl_verify_fun": {:hex, :ssl_verify_fun, "1.1.7", "354c321cf377240c7b8716899e182ce4890c5938111a1296add3ec74cf1715df", [:make, :mix, :rebar3], [], "hexpm", "fe4c190e8f37401d30167c8c405eda19469f34577987c76dde613e838bbc67f8"},
  "towel": {:hex, :towel, "0.2.2", "327ac13601e363017dba42442e6783f7095c147fa68eb3c24c0fb50a10e7a6fc", [:mix], [], "hexpm", "a7b3d16a63f4ccdb66388f2cf61e6701bfc190e0f0afaefbf246c909263725c2"},
  "tz_world": {:hex, :tz_world, "1.4.1", "ff9c9819b20f443d47e6e0dc412e15c23be5bb6ac856e8d83c4163ccbc55b52f", [:mix], [{:castore, "~> 0.1 or ~> 1.0", [hex: :castore, repo: "hexpm", optional: true]}, {:certifi, "~> 2.5", [hex: :certifi, repo: "hexpm", optional: true]}, {:geo, "~> 1.0 or ~> 2.0 or ~> 3.3 or ~> 4.0", [hex: :geo, repo: "hexpm", optional: false]}, {:jason, "~> 1.0", [hex: :jason, repo: "hexpm", optional: false]}], "hexpm", "9173ba7aa7c5e627e23adfc0c8d001a56a7072d5bdc8d3a94e4cd44e25decba1"},
  "tzdata": {:hex, :tzdata, "1.1.3", "b1cef7bb6de1de90d4ddc25d33892b32830f907e7fc2fccd1e7e22778ab7dfbc", [:mix], [{:hackney, "~> 1.17", [hex: :hackney, repo: "hexpm", optional: false]}], "hexpm", "d4ca85575a064d29d4e94253ee95912edfb165938743dbf002acdf0dcecb0c28"},
  "unicode_util_compat": {:hex, :unicode_util_compat, "0.7.1", "a48703a25c170eedadca83b11e88985af08d35f37c6f664d6dcfb106a97782fc", [:rebar3], [], "hexpm", "b3a917854ce3ae233619744ad1e0102e05673136776fb2fa76234f3e03b23642"},
}
